{
  "R": {
    "Version": "3.6.1",
    "Repositories": [
      {
        "Name": "BioCsoft",
        "URL": "https://bioconductor.org/packages/3.10/bioc"
      },
      {
        "Name": "BioCann",
        "URL": "https://bioconductor.org/packages/3.10/data/annotation"
      },
      {
        "Name": "BioCexp",
        "URL": "https://bioconductor.org/packages/3.10/data/experiment"
      },
      {
        "Name": "BioCworkflows",
        "URL": "https://bioconductor.org/packages/3.10/workflows"
      },
      {
        "Name": "CRAN",
        "URL": "https://cran.rstudio.com"
      }
    ]
  },
  "Bioconductor": {
    "Version": "3.10"
  },
  "Packages": {
    "BH": {
      "Package": "BH",
      "Version": "1.69.0-1",
      "Source": "Repository",
      "Repository": "CRAN",
      "Hash": "0fde015f5153e51df44981da0767f522"
    },
    "BiocManager": {
      "Package": "BiocManager",
      "Version": "1.30.10",
      "Source": "Repository",
      "Repository": "CRAN",
      "Hash": "ae29b65c2dfdf96cfc4d507dfe1be877"
    },
    "BiocVersion": {
      "Package": "BiocVersion",
      "Version": "3.10.1",
      "Source": "Bioconductor",
      "Hash": "bd0b3767104ea95d060c43d500e04fa9"
    },
    "DBI": {
      "Package": "DBI",
      "Version": "1.0.0",
      "Source": "Repository",
      "Repository": "CRAN",
      "Hash": "2b2b6ea2111e1e57e192765d5013a3c5"
    },
    "KernSmooth": {
      "Package": "KernSmooth",
      "Version": "2.23-15",
      "Source": "Repository",
      "Repository": "CRAN",
      "Hash": "1abaf80e4ce51c982446637b6cf236bb"
    },
    "MASS": {
      "Package": "MASS",
      "Version": "7.3-51.4",
      "Source": "Repository",
      "Repository": "CRAN",
      "Hash": "a489ad42493fa9bfac8f3e3a3bc7d4ca"
    },
    "Matrix": {
      "Package": "Matrix",
      "Version": "1.2-17",
      "Source": "Repository",
      "Repository": "CRAN",
      "Hash": "a60009c832f495604f54399f21d89cc8"
    },
    "R6": {
      "Package": "R6",
      "Version": "2.4.1",
      "Source": "Repository",
      "Repository": "CRAN",
      "Hash": "32b894df8893259af194abdc2b1fc366"
    },
    "RColorBrewer": {
      "Package": "RColorBrewer",
      "Version": "1.1-2",
      "Source": "Repository",
      "Repository": "CRAN",
      "Hash": "f8a3bcc800d613797f1dfdf8ef4f0bfc"
    },
    "Rcpp": {
      "Package": "Rcpp",
      "Version": "1.0.3",
      "Source": "Repository",
      "Repository": "CRAN",
      "Hash": "084336e3a1a0d358337525d7a394bb8b"
    },
    "WikidataR": {
      "Package": "WikidataR",
      "Version": "1.4.0",
      "Source": "Repository",
      "Repository": "CRAN",
      "Hash": "692dbe5413171f0250098587ec1cef8d"
    },
    "WikipediR": {
      "Package": "WikipediR",
      "Version": "1.5.0",
      "Source": "Repository",
      "Repository": "CRAN",
      "Hash": "a8b3289b160b9a757b17d2abedba3990"
    },
    "XML": {
      "Package": "XML",
      "Version": "3.98-1.20",
      "Source": "Repository",
      "Repository": "CRAN",
      "Hash": "870a12f824e6d7729de5cf55927ae1d0"
    },
    "ade4": {
      "Package": "ade4",
      "Version": "1.7-13",
      "Source": "Repository",
      "Repository": "CRAN",
      "Hash": "fb38e6013abe24920f24137b34e38eb5"
    },
    "ape": {
      "Package": "ape",
      "Version": "5.3",
      "Source": "Repository",
      "Repository": "CRAN",
      "Hash": "d630561004aee62320468baf943a6d14"
    },
    "askpass": {
      "Package": "askpass",
      "Version": "1.1",
      "Source": "Repository",
      "Repository": "CRAN",
      "Hash": "46678e19f261db289be40292d8e5d5bf"
    },
    "assertr": {
      "Package": "assertr",
      "Version": "2.6",
      "Source": "Repository",
      "Repository": "CRAN",
      "Hash": "4230c5a025bced183dbb83693879061d"
    },
    "assertthat": {
      "Package": "assertthat",
      "Version": "0.2.1",
      "Source": "Repository",
      "Repository": "CRAN",
      "Hash": "19fb3d0ad048b4eb1a05cacffbae1f66"
    },
    "backports": {
      "Package": "backports",
      "Version": "1.1.5",
      "Source": "Repository",
      "Repository": "CRAN",
      "Hash": "dbb1e40b6f07d378cce8abc3b5fa6326"
    },
    "base64enc": {
      "Package": "base64enc",
      "Version": "0.1-3",
      "Source": "Repository",
      "Repository": "CRAN",
      "Hash": "d355963b4b1c3039bfe8d65611a11cca"
    },
    "base64url": {
      "Package": "base64url",
      "Version": "1.4",
      "Source": "Repository",
      "Repository": "CRAN",
      "Hash": "205ca9cc59dc1fff1a7ba55fee9dad57"
    },
    "bib2df": {
      "Package": "bib2df",
      "Version": "1.1.1",
      "Source": "Repository",
      "Repository": "CRAN",
      "Hash": "1929fabfa475d2b5e2ec37d5e47c918f"
    },
    "bold": {
      "Package": "bold",
      "Version": "0.9.0",
      "Source": "Repository",
      "Repository": "CRAN",
      "Hash": "6e960f25cd7cb5274d1ea56c82cd63ee"
    },
    "boot": {
      "Package": "boot",
      "Version": "1.3-22",
      "Source": "Repository",
      "Repository": "CRAN",
      "Hash": "d6793731045601ba6fbc24f5b9f537ae"
    },
    "broom": {
      "Package": "broom",
      "Version": "0.5.2",
      "Source": "Repository",
      "Repository": "CRAN",
      "Hash": "a6cfb50e5172a20815db00739aab4e78"
    },
    "callr": {
      "Package": "callr",
      "Version": "3.3.2",
      "Source": "Repository",
      "Repository": "CRAN",
      "Hash": "3826226af5ca33cd8fa0b1d9c190b300"
    },
    "captioner": {
      "Package": "captioner",
      "Version": "2.2.3.9000",
      "Source": "GitHub",
      "RemoteType": "github",
      "RemoteHost": "api.github.com",
      "RemoteRepo": "captioner",
      "RemoteUsername": "adletaw",
      "RemoteRef": "master",
      "RemoteSha": "807ddb2267d572c18fb05673ec3b278052682890",
      "Hash": "29f98178c84a7da2e29b7cd376fc5d5d"
    },
    "cellranger": {
      "Package": "cellranger",
      "Version": "1.1.0",
      "Source": "Repository",
      "Repository": "CRAN",
      "Hash": "2cd2a065192f3ba08a919d8800dba7e0"
    },
    "checkmate": {
      "Package": "checkmate",
      "Version": "1.9.4",
      "Source": "Repository",
      "Repository": "CRAN",
      "Hash": "51788d50ba2a6ac3bf71efadaf1f76d9"
    },
    "class": {
      "Package": "class",
      "Version": "7.3-15",
      "Source": "Repository",
      "Repository": "CRAN",
      "Hash": "4878ea322bdd292b96affa71fd4332bd"
    },
    "cli": {
      "Package": "cli",
      "Version": "1.1.0",
      "Source": "Repository",
      "Repository": "CRAN",
      "Hash": "9b3dc7798f53ba3050b41ce4a3febdc5"
    },
    "clipr": {
      "Package": "clipr",
      "Version": "0.7.0",
      "Source": "Repository",
      "Repository": "CRAN",
      "Hash": "9a99b54d2baf9393d0a68b6ea9513ee6"
    },
    "cluster": {
      "Package": "cluster",
      "Version": "2.1.0",
      "Source": "Repository",
      "Repository": "CRAN",
      "Hash": "d683a0521c6448259522eb63627c3807"
    },
    "codetools": {
      "Package": "codetools",
      "Version": "0.2-16",
      "Source": "Repository",
      "Repository": "CRAN",
      "Hash": "3bf2a0853d7faf7f865d0b877946e452"
    },
    "colorspace": {
      "Package": "colorspace",
      "Version": "1.4-1",
      "Source": "Repository",
      "Repository": "CRAN",
      "Hash": "c25d49739abb6ebf4b3d0c3565574226"
    },
    "commonmark": {
      "Package": "commonmark",
      "Version": "1.7",
      "Source": "Repository",
      "Repository": "CRAN",
      "Hash": "af7f698e0328e0474f794452177deca6"
    },
    "conflicted": {
      "Package": "conflicted",
      "Version": "1.0.4",
      "Source": "Repository",
      "Repository": "CRAN",
      "Hash": "4d85496bf78919616ac1bb981032b625"
    },
    "cowplot": {
      "Package": "cowplot",
      "Version": "1.0.0",
      "Source": "Repository",
      "Repository": "CRAN",
      "Hash": "bae8bf4011199676a147077514a8a5c8"
    },
    "crayon": {
      "Package": "crayon",
      "Version": "1.3.4",
      "Source": "Repository",
      "Repository": "CRAN",
      "Hash": "d308ead32010b8e4d76c4690427da50b"
    },
    "crul": {
      "Package": "crul",
      "Version": "0.9.0",
      "Source": "Repository",
      "Repository": "CRAN",
      "Hash": "c60a262a6dcefd94ec24ecf9b4d41429"
    },
    "curl": {
      "Package": "curl",
      "Version": "4.2",
      "Source": "Repository",
      "Repository": "CRAN",
      "Hash": "63410438360944341b6bba487340a466"
    },
    "data.table": {
      "Package": "data.table",
      "Version": "1.12.6",
      "Source": "Repository",
      "Repository": "CRAN",
      "Hash": "e4c9420e97e4b574c7f7cd00fa4c1879"
    },
    "dbplyr": {
      "Package": "dbplyr",
      "Version": "1.4.2",
      "Source": "Repository",
      "Repository": "CRAN",
      "Hash": "aa3740879c38e6c11a93bd981521035a"
    },
    "desc": {
      "Package": "desc",
      "Version": "1.2.0",
      "Source": "Repository",
      "Repository": "CRAN",
      "Hash": "0119aa659b9c1db195b4bd7c617d18c0"
    },
    "digest": {
      "Package": "digest",
      "Version": "0.6.22",
      "Source": "Repository",
      "Repository": "CRAN",
      "Hash": "7ef357c9b4684d2183f105c27925e1d8"
    },
    "dplyr": {
      "Package": "dplyr",
      "Version": "0.8.3",
      "Source": "Repository",
      "Repository": "CRAN",
      "Hash": "17783831e1e918ab250dcae5dd9c6e03"
    },
    "drake": {
      "Package": "drake",
      "Version": "7.7.0",
      "Source": "Repository",
      "Repository": "CRAN",
      "Hash": "2455d2bafe93524d6f81acf29ccc9b1b"
    },
    "ellipsis": {
      "Package": "ellipsis",
      "Version": "0.3.0",
      "Source": "Repository",
      "Repository": "CRAN",
      "Hash": "d9e858795a1a4ebfe6960e4514449d40"
    },
    "english": {
      "Package": "english",
      "Version": "1.2-5",
      "Source": "Repository",
      "Repository": "CRAN",
      "Hash": "9380a4d1b0332a4723d6ebecab8c5f22"
    },
    "evaluate": {
      "Package": "evaluate",
      "Version": "0.14",
      "Source": "Repository",
      "Repository": "CRAN",
      "Hash": "5a6c1949963e0785dbcbb0556337d61e"
    },
    "fansi": {
      "Package": "fansi",
      "Version": "0.4.0",
      "Source": "Repository",
      "Repository": "CRAN",
      "Hash": "cd87b0162287f0da225edfaa2fd3a20c"
    },
    "farver": {
      "Package": "farver",
      "Version": "2.0.1",
      "Source": "Repository",
      "Repository": "CRAN",
      "Hash": "8b389e971e00a574360051d7dd84d823"
    },
    "fastmatch": {
      "Package": "fastmatch",
      "Version": "1.1-0",
      "Source": "Repository",
      "Repository": "CRAN",
      "Hash": "b3b208a19a4467665c6f8c51dc63c76c"
    },
    "filelock": {
      "Package": "filelock",
      "Version": "1.0.2",
      "Source": "Repository",
      "Repository": "CRAN",
      "Hash": "784db550445dfa0f28cacd1e07fed4c8"
    },
    "forcats": {
      "Package": "forcats",
      "Version": "0.4.0",
      "Source": "Repository",
      "Repository": "CRAN",
      "Hash": "4d7e4a2ed5adadda6714eb7b9361213b"
    },
    "foreach": {
      "Package": "foreach",
      "Version": "1.4.7",
      "Source": "Repository",
      "Repository": "CRAN",
      "Hash": "679941326860ea87464d7f010341fb05"
    },
    "foreign": {
      "Package": "foreign",
      "Version": "0.8-71",
      "Source": "Repository",
      "Repository": "CRAN",
      "Hash": "0a3e9cb4f946d20e3ce0eae1ae17c746"
    },
    "fs": {
      "Package": "fs",
      "Version": "1.3.1",
      "Source": "Repository",
      "Repository": "CRAN",
      "Hash": "dba7e43c4103d978cb7c95b97987cc68"
    },
    "furrr": {
      "Package": "furrr",
      "Version": "0.1.0",
      "Source": "Repository",
      "Repository": "CRAN",
      "Hash": "ba787bdceee408b8f399c653fcee1601"
    },
    "future": {
      "Package": "future",
      "Version": "1.15.0",
      "Source": "Repository",
      "Repository": "CRAN",
      "Hash": "01f6cc831a7f6f76a1c2f52e5479b144"
    },
    "fuzzyjoin": {
      "Package": "fuzzyjoin",
      "Version": "0.1.5",
      "Source": "Repository",
      "Repository": "CRAN",
      "Hash": "ba716f6061af9f9e25ac3f1af0383db1"
    },
    "gbfetch": {
      "Package": "gbfetch",
      "Version": "0.1.0",
      "Source": "GitHub",
      "RemoteType": "github",
      "Remotes": "joelnitta/jntools",
      "RemoteHost": "api.github.com",
      "RemoteRepo": "gbfetch",
      "RemoteUsername": "joelnitta",
      "RemoteRef": "master",
      "RemoteSha": "588b9bb1fb40177e95647277dac5920d2b76f3bb",
      "Hash": "4871600da6c2683aef5eafb3a52122d7"
    },
    "generics": {
      "Package": "generics",
      "Version": "0.0.2",
      "Source": "Repository",
      "Repository": "CRAN",
      "Hash": "4e8e453aff36dd8ddac10ff157083e4f"
    },
    "geosphere": {
      "Package": "geosphere",
      "Version": "1.5-10",
      "Source": "Repository",
      "Repository": "CRAN",
      "Hash": "42410587391d10e8157be4b7acc6480b"
    },
    "ggplot2": {
      "Package": "ggplot2",
      "Version": "3.2.1",
      "Source": "Repository",
      "Repository": "CRAN",
      "Hash": "635db021d29f3523c4f88e82d0c01c5e"
    },
    "ggrepel": {
      "Package": "ggrepel",
      "Version": "0.8.1",
      "Source": "Repository",
      "Repository": "CRAN",
      "Hash": "61257084e976294d3c97de988469d019"
    },
    "ggridges": {
      "Package": "ggridges",
      "Version": "0.5.1",
      "Source": "Repository",
      "Repository": "CRAN",
      "Hash": "b464e7b51e82292003ad0691a79f1ef8"
    },
    "ggtree": {
      "Package": "ggtree",
      "Version": "2.0.1",
      "Source": "Bioconductor",
      "RemoteType": "bioconductor",
      "Remotes": "GuangchuangYu/treeio",
      "Hash": "d0c97d9f5a6d8ad7afd2b2b16430a4e0"
    },
    "globals": {
      "Package": "globals",
      "Version": "0.12.4",
      "Source": "Repository",
      "Repository": "CRAN",
      "Hash": "cf9ddd6b6fce90974d5bd9b5f80d08b0"
    },
    "glue": {
      "Package": "glue",
      "Version": "1.3.1",
      "Source": "Repository",
      "Repository": "CRAN",
      "Hash": "e8436e647719b7c9d01409767cd88cc8"
    },
    "gt": {
      "Package": "gt",
      "Version": "0.1.0",
      "Source": "GitHub",
      "RemoteType": "github",
      "RemoteHost": "api.github.com",
      "RemoteRepo": "gt",
      "RemoteUsername": "rstudio",
      "RemoteRef": "master",
      "RemoteSha": "284bbe57597c9547b298a1472ae1b4f7fd5e5558",
      "Hash": "24ef20f6e47525c0a93f2d566edbcfe4"
    },
    "gtable": {
      "Package": "gtable",
      "Version": "0.3.0",
      "Source": "Repository",
      "Repository": "CRAN",
      "Hash": "6a58b2980a57345822ec5f9c7d2d1751"
    },
    "haven": {
      "Package": "haven",
      "Version": "2.2.0",
      "Source": "Repository",
      "Repository": "CRAN",
      "Hash": "086fad0dd7ec01e7576118a05ea3da9b"
    },
    "here": {
      "Package": "here",
      "Version": "0.1",
      "Source": "Repository",
      "Repository": "CRAN",
      "Hash": "17102304d55b3242d6199cddc0fd79f7"
    },
    "highr": {
      "Package": "highr",
      "Version": "0.8",
      "Source": "Repository",
      "Repository": "CRAN",
      "Hash": "43e36bc8bca1d8256f86933659c46349"
    },
    "hms": {
      "Package": "hms",
      "Version": "0.5.2",
      "Source": "Repository",
      "Repository": "CRAN",
      "Hash": "d151e6378bc324454f39db7ffbebaa6d"
    },
    "htmltools": {
      "Package": "htmltools",
      "Version": "0.4.0",
      "Source": "Repository",
      "Repository": "CRAN",
      "Hash": "639ced211d4574cb149a7906b22e110f"
    },
    "httpcode": {
      "Package": "httpcode",
      "Version": "0.2.0",
      "Source": "Repository",
      "Repository": "CRAN",
      "Hash": "086b284f4d07df81e553943c16b60724"
    },
    "httr": {
      "Package": "httr",
      "Version": "1.4.1",
      "Source": "Repository",
      "Repository": "CRAN",
      "Hash": "5dbd937df2ed15043fd4b49e1e217030"
    },
    "humaniformat": {
      "Package": "humaniformat",
      "Version": "0.6.0",
      "Source": "Repository",
      "Repository": "CRAN",
      "Hash": "83d1e2a0850835cffe88817f1d3986a2"
    },
    "iNEXT": {
      "Package": "iNEXT",
      "Version": "2.0.19",
      "Source": "Repository",
      "Repository": "CRAN",
      "Hash": "b45d366f4113717dc3c8061d79f6a10b"
    },
    "igraph": {
      "Package": "igraph",
      "Version": "1.2.4.1",
      "Source": "Repository",
      "Repository": "CRAN",
      "Hash": "6eb7a604bc33c66dac0611b7ce75ac69"
    },
    "ips": {
      "Package": "ips",
      "Version": "0.0.11",
      "Source": "Repository",
      "Repository": "CRAN",
      "Hash": "eeedf954ec443690f620eb9a9132a784"
    },
    "isoband": {
      "Package": "isoband",
      "Version": "0.2.0",
      "Source": "Repository",
      "Repository": "CRAN",
      "Hash": "fb150524d61e14959ce7570a4c566ef9"
    },
    "iterators": {
      "Package": "iterators",
      "Version": "1.0.12",
      "Source": "Repository",
      "Repository": "CRAN",
      "Hash": "30ef58a17d970ae05c85793da79152d6"
    },
    "janitor": {
      "Package": "janitor",
      "Version": "1.2.0",
      "Source": "Repository",
      "Repository": "CRAN",
      "Hash": "e1310d9b920ef337ec2ecd8d73b21f0d"
    },
    "jntools": {
      "Package": "jntools",
      "Version": "0.1.0",
      "Source": "GitHub",
      "RemoteType": "github",
      "RemoteHost": "api.github.com",
      "RemoteRepo": "jntools",
      "RemoteUsername": "joelnitta",
      "RemoteRef": "master",
      "RemoteSha": "5a55293dbbbf547ed32cac56481f833939bd88d0",
      "Hash": "59b84d1fa01dc6f70a4e9a07a3c0f6da"
    },
    "jsonlite": {
      "Package": "jsonlite",
      "Version": "1.6",
      "Source": "Repository",
      "Repository": "CRAN",
      "Hash": "b7e67b6a7bc2fdae729c0f3ff9026a8a"
    },
    "kableExtra": {
      "Package": "kableExtra",
      "Version": "1.1.0",
      "Source": "Repository",
      "Repository": "CRAN",
      "Hash": "95d5038a266d5563fab1603daf3959a6"
    },
    "knitr": {
      "Package": "knitr",
      "Version": "1.25",
      "Source": "Repository",
      "Repository": "CRAN",
      "Hash": "33a3a009f5e7c3606d6851692bf703d9"
    },
    "labeling": {
      "Package": "labeling",
      "Version": "0.3",
      "Source": "Repository",
      "Repository": "CRAN",
      "Hash": "e1f613894f080d1eee41c34b281a2184"
    },
    "lattice": {
      "Package": "lattice",
      "Version": "0.20-38",
      "Source": "Repository",
      "Repository": "CRAN",
      "Hash": "6f7aa123115b33bc9ad1ca800874b1de"
    },
    "lazyeval": {
      "Package": "lazyeval",
      "Version": "0.2.2",
      "Source": "Repository",
      "Repository": "CRAN",
      "Hash": "d2f5e98b8b7ae633e252830c3243c2ab"
    },
    "lifecycle": {
      "Package": "lifecycle",
      "Version": "0.1.0",
      "Source": "Repository",
      "Repository": "CRAN",
      "Hash": "670a552ae202a4f69e2e644f524dfffd"
    },
    "listenv": {
      "Package": "listenv",
      "Version": "0.7.0",
      "Source": "Repository",
      "Repository": "CRAN",
      "Hash": "7cdee13e292d057fce33553ea7eebbd7"
    },
    "lubridate": {
      "Package": "lubridate",
      "Version": "1.7.4",
      "Source": "Repository",
      "Repository": "CRAN",
      "Hash": "d55fdb3732a8f047e49b86064dd78984"
    },
    "magick": {
      "Package": "magick",
      "Version": "2.2",
      "Source": "Repository",
      "Repository": "CRAN",
      "Hash": "452b461db4b0b37d0718a03e00613b84"
    },
    "magrittr": {
      "Package": "magrittr",
      "Version": "1.5",
      "Source": "Repository",
      "Repository": "CRAN",
      "Hash": "dee1d97cffddfd3ed969e224bd0826d0"
    },
    "markdown": {
      "Package": "markdown",
      "Version": "1.1",
      "Source": "Repository",
      "Repository": "CRAN",
      "Hash": "80e1f73841614fa35f82a85d66fb41da"
    },
    "memoise": {
      "Package": "memoise",
      "Version": "1.1.0",
      "Source": "Repository",
      "Repository": "CRAN",
      "Hash": "22ca9b285c10f5dd8c4d1e90231ce558"
    },
    "mgcv": {
      "Package": "mgcv",
      "Version": "1.8-28",
      "Source": "Repository",
      "Repository": "CRAN",
      "Hash": "6ac256e4fdcf33c11f9ed987927cc614"
    },
    "mime": {
      "Package": "mime",
      "Version": "0.7",
      "Source": "Repository",
      "Repository": "CRAN",
      "Hash": "908d95ccbfd1dd274073ef07a7c93934"
    },
    "modelr": {
      "Package": "modelr",
      "Version": "0.1.5",
      "Source": "Repository",
      "Repository": "CRAN",
      "Hash": "c1f44481db2b8ac0d3625da400abdc1e"
    },
    "munsell": {
      "Package": "munsell",
      "Version": "0.5.0",
      "Source": "Repository",
      "Repository": "CRAN",
      "Hash": "9111af6c6dec65538ebd3de6c0bae864"
    },
    "natserv": {
      "Package": "natserv",
      "Version": "0.3.0",
      "Source": "Repository",
      "Repository": "CRAN",
      "Hash": "5f727b3458e486fffb6a099f7e0aa45e"
    },
    "nlme": {
      "Package": "nlme",
      "Version": "3.1-140",
      "Source": "Repository",
      "Repository": "CRAN",
      "Hash": "ad3b02c6f154deac3584133e6e015cd3"
    },
    "nnet": {
      "Package": "nnet",
      "Version": "7.3-12",
      "Source": "Repository",
      "Repository": "CRAN",
      "Hash": "2a92e339b2aeab90147147e2cf7c8310"
    },
    "openssl": {
      "Package": "openssl",
      "Version": "1.4.1",
      "Source": "Repository",
      "Repository": "CRAN",
      "Hash": "6c438de366d5693238d1c400deb66cb6"
    },
    "patchwork": {
      "Package": "patchwork",
      "Version": "0.0.1.9000",
      "Source": "GitHub",
      "RemoteType": "github",
      "RemoteHost": "api.github.com",
      "RemoteRepo": "patchwork",
      "RemoteUsername": "thomasp85",
      "RemoteRef": "master",
      "RemoteSha": "37baea588257f1fbc81facf6a6b6ea129e9b6f08",
      "Hash": "01fa2b605c7b514453c77bafecd160e7"
    },
    "phangorn": {
      "Package": "phangorn",
      "Version": "2.5.5",
      "Source": "Repository",
      "Repository": "CRAN",
      "Hash": "0ae038540dc2cc1c55978f73f18694f3"
    },
    "pillar": {
      "Package": "pillar",
      "Version": "1.4.2",
      "Source": "Repository",
      "Repository": "CRAN",
      "Hash": "57645ff795277554eee14df5bcee8025"
    },
    "pkgbuild": {
      "Package": "pkgbuild",
      "Version": "1.0.6",
      "Source": "Repository",
      "Repository": "CRAN",
      "Hash": "0514428b15e609740155a0a0a3e182c5"
    },
    "pkgconfig": {
      "Package": "pkgconfig",
      "Version": "2.0.3",
      "Source": "Repository",
      "Repository": "CRAN",
      "Hash": "587295d4cdb937d4e3cf19bd46829326"
    },
    "pkgload": {
      "Package": "pkgload",
      "Version": "1.0.2",
      "Source": "Repository",
      "Repository": "CRAN",
      "Hash": "f214a72af3442fdd3396ceccbb7d7f44"
    },
    "plogr": {
      "Package": "plogr",
      "Version": "0.2.0",
      "Source": "Repository",
      "Repository": "CRAN",
      "Hash": "1a8304cc1382ef64e3b710ba589d7bc0"
    },
    "plyr": {
      "Package": "plyr",
      "Version": "1.8.4",
      "Source": "Repository",
      "Repository": "CRAN",
      "Hash": "37dd0f3aadee2ac99e47168f4bffddb7"
    },
    "praise": {
      "Package": "praise",
      "Version": "1.0.0",
      "Source": "Repository",
      "Repository": "CRAN",
      "Hash": "3940f2f321d5fa9fb72b8887b0454660"
    },
    "prettyunits": {
      "Package": "prettyunits",
      "Version": "1.0.2",
      "Source": "Repository",
      "Repository": "CRAN",
      "Hash": "33ce93b23647e85c127f8e1bb08604fc"
    },
    "processx": {
      "Package": "processx",
      "Version": "3.4.1",
      "Source": "Repository",
      "Repository": "CRAN",
      "Hash": "fec9b1a798e49d0609702929706a1dfc"
    },
    "progress": {
      "Package": "progress",
      "Version": "1.2.2",
      "Source": "Repository",
      "Repository": "CRAN",
      "Hash": "e8c47e04650b07d40c3c50a878a4dffa"
    },
    "ps": {
      "Package": "ps",
      "Version": "1.3.0",
      "Source": "Repository",
      "Repository": "CRAN",
      "Hash": "a38f3fd447d1595a3da538910054b911"
    },
    "purrr": {
      "Package": "purrr",
      "Version": "0.3.3",
      "Source": "Repository",
      "Repository": "CRAN",
      "Hash": "b174d35f8cfb40b0c0b66d2bb0bc4224"
    },
    "quadprog": {
      "Package": "quadprog",
      "Version": "1.5-7",
      "Source": "Repository",
      "Repository": "CRAN",
      "Hash": "6f8440b84b06210c8f88b8d8cd89f8ca"
    },
    "raster": {
      "Package": "raster",
      "Version": "3.0-7",
      "Source": "Repository",
      "Repository": "CRAN",
      "Hash": "060374e8d188b105e1e6dbfcdede54aa"
    },
    "readr": {
      "Package": "readr",
      "Version": "1.3.1",
      "Source": "Repository",
      "Repository": "CRAN",
      "Hash": "60167b7ec3de99e76ff406aaf0f83bb4"
    },
    "readxl": {
      "Package": "readxl",
      "Version": "1.3.1",
      "Source": "Repository",
      "Repository": "CRAN",
      "Hash": "8a8b4695e87c90cc9423eb8994e76819"
    },
    "rematch": {
      "Package": "rematch",
      "Version": "1.0.1",
      "Source": "Repository",
      "Repository": "CRAN",
      "Hash": "d3d55a556f7f2e74f449d6a53b8abf8e"
    },
    "remotes": {
      "Package": "remotes",
      "Version": "2.1.0",
      "Source": "Repository",
      "Repository": "CRAN",
      "Hash": "830aa73278dce9beba583bfe57a5c015"
    },
    "rentrez": {
      "Package": "rentrez",
      "Version": "1.2.2",
      "Source": "Repository",
      "Repository": "CRAN",
      "Hash": "f8b15c21561e045343cf409556d2afc4"
    },
    "renv": {
      "Package": "renv",
      "Version": "0.8.3-43",
      "Source": "GitHub",
      "RemoteType": "github",
      "RemoteHost": "api.github.com",
      "RemoteRepo": "renv",
      "RemoteUsername": "rstudio",
      "RemoteRef": "master",
      "RemoteSha": "8330c006d01ceb6bde7d6d6cc7c5c2e146839190",
      "Hash": "de979ccddd633e2c9e22f3896f6f6de4"
    },
    "reprex": {
      "Package": "reprex",
      "Version": "0.3.0",
      "Source": "Repository",
      "Repository": "CRAN",
      "Hash": "e5c16307a512cdaea9adddacde0671af"
    },
    "reshape": {
      "Package": "reshape",
      "Version": "0.8.8",
      "Source": "Repository",
      "Repository": "CRAN",
      "Hash": "6d92a971c653c24317b6ad3a402f390c"
    },
    "reshape2": {
      "Package": "reshape2",
      "Version": "1.4.3",
      "Source": "Repository",
      "Repository": "CRAN",
      "Hash": "ac685130d1a25e3f6470960fd29c5693"
    },
    "ritis": {
      "Package": "ritis",
      "Version": "0.8.0",
      "Source": "Repository",
      "Repository": "CRAN",
      "Hash": "c1898e83e2f396fde4a6aa5a31ba29e3"
    },
    "rlang": {
      "Package": "rlang",
      "Version": "0.4.1",
      "Source": "Repository",
      "Repository": "CRAN",
      "Hash": "3be3097a603e8a51dae89c372b920f97"
    },
    "rmarkdown": {
      "Package": "rmarkdown",
      "Version": "1.17",
      "Source": "Repository",
      "Repository": "CRAN",
      "Hash": "b0829435ecf8d260997ac7afb01f29ca"
    },
    "rncl": {
      "Package": "rncl",
      "Version": "0.8.3",
      "Source": "Repository",
      "Repository": "CRAN",
      "Hash": "f31d9767f3cc0fa3f84b2417ed517604"
    },
    "rotl": {
      "Package": "rotl",
      "Version": "3.0.10",
      "Source": "Repository",
      "Repository": "CRAN",
      "Hash": "905fc7425cad9433165ad4f28b9fc61d"
    },
    "rpart": {
      "Package": "rpart",
      "Version": "4.1-15",
      "Source": "Repository",
      "Repository": "CRAN",
      "Hash": "0d0e7f0e3c22944bb9bf67d0d5636e50"
    },
    "rprojroot": {
      "Package": "rprojroot",
      "Version": "1.3-2",
      "Source": "Repository",
      "Repository": "CRAN",
      "Hash": "5382761b8b318da6dd3fb0f6dae3c43a"
    },
    "rredlist": {
      "Package": "rredlist",
      "Version": "0.5.0",
      "Source": "Repository",
      "Repository": "CRAN",
      "Hash": "db2cd18a24070afe4f9039f0f2fd18b8"
    },
    "rstudioapi": {
      "Package": "rstudioapi",
      "Version": "0.10",
      "Source": "Repository",
      "Repository": "CRAN",
      "Hash": "04552808fd065fdf0fec7bad340eb83c"
    },
    "rvcheck": {
      "Package": "rvcheck",
      "Version": "0.1.6",
      "Source": "Repository",
      "Repository": "CRAN",
      "Hash": "37bec92ea8f76e64854ed1e11667e0de"
    },
    "rvest": {
      "Package": "rvest",
      "Version": "0.3.5",
      "Source": "Repository",
      "Repository": "CRAN",
      "Hash": "d2fec753d468d89309996067fb89e09d"
    },
    "sass": {
      "Package": "sass",
      "Version": "0.1.2.1",
      "Source": "Repository",
      "Repository": "CRAN",
      "Hash": "35d7177841166d1cd09a704d7f05127c"
    },
    "scales": {
      "Package": "scales",
      "Version": "1.1.0",
      "Source": "Repository",
      "Repository": "CRAN",
      "Hash": "a98877092d646d981a9249d5ea7774ea"
    },
    "scico": {
      "Package": "scico",
      "Version": "1.1.0",
      "Source": "Repository",
      "Repository": "CRAN",
      "Hash": "39b64f934eeef47a6dfa8e5221f9c302"
    },
    "segmented": {
      "Package": "segmented",
      "Version": "1.0-0",
      "Source": "Repository",
      "Repository": "CRAN",
      "Hash": "5151b7127afa95fb1e2fe86e72aa0047"
    },
    "selectr": {
      "Package": "selectr",
      "Version": "0.4-1",
      "Source": "Repository",
      "Repository": "CRAN",
      "Hash": "40ccee5dc2b97e197648525aefcfd0ba"
    },
    "seqinr": {
      "Package": "seqinr",
      "Version": "3.6-1",
      "Source": "Repository",
      "Repository": "CRAN",
      "Hash": "b3db135c3b24da4813ff4e27949ec594"
    },
    "snakecase": {
      "Package": "snakecase",
      "Version": "0.11.0",
      "Source": "Repository",
      "Repository": "CRAN",
      "Hash": "5c861a2766fb272f515b7704dcbe08d6"
    },
    "solrium": {
      "Package": "solrium",
      "Version": "1.1.4",
      "Source": "Repository",
      "Repository": "CRAN",
      "Hash": "7038e28917d232290b28972420c6248a"
    },
    "sp": {
      "Package": "sp",
      "Version": "1.3-2",
      "Source": "Repository",
      "Repository": "CRAN",
      "Hash": "19bcc842106d0a24c3d92138d83d8f21"
    },
    "spatial": {
      "Package": "spatial",
      "Version": "7.3-11",
      "Source": "Repository",
      "Repository": "CRAN",
      "Hash": "0037d3d19ad8a2bf80abb4d7507b746d"
    },
    "storr": {
      "Package": "storr",
      "Version": "1.2.1",
      "Source": "Repository",
      "Repository": "CRAN",
      "Hash": "3bd64ff7d32ab39360094aa228a3197b"
    },
    "stringdist": {
      "Package": "stringdist",
      "Version": "0.9.5.5",
      "Source": "Repository",
      "Repository": "CRAN",
      "Hash": "fefd8b21bda930d9f909f09b9f28e14b"
    },
    "stringi": {
      "Package": "stringi",
      "Version": "1.4.3",
      "Source": "Repository",
      "Repository": "CRAN",
      "Hash": "113506f116db9dd5bd1caf46884e0647"
    },
    "stringr": {
      "Package": "stringr",
      "Version": "1.4.0",
      "Source": "Repository",
      "Repository": "CRAN",
      "Hash": "41d6310ad18bd019a203d7adc496a28b"
    },
    "survival": {
      "Package": "survival",
      "Version": "2.44-1.1",
      "Source": "Repository",
      "Repository": "CRAN",
      "Hash": "20bdedb74dc2c866f51e4ec9133480b1"
    },
    "sys": {
      "Package": "sys",
      "Version": "3.3",
      "Source": "Repository",
      "Repository": "CRAN",
      "Hash": "9ecf6bee5958b8977bd1db3131978a71"
    },
    "taxastand": {
      "Package": "taxastand",
      "Version": "0.1.0",
      "Source": "GitHub",
      "RemoteType": "github",
      "RemoteHost": "api.github.com",
      "RemoteRepo": "taxastand",
      "RemoteUsername": "joelnitta",
      "RemoteRef": "master",
      "RemoteSha": "f92634cf6872c2eca169c0363417faa90af627bf",
      "Hash": "f867ca8cce0d4edbb57c18ac0de5e8f2"
    },
    "taxize": {
      "Package": "taxize",
      "Version": "0.9.9",
      "Source": "Repository",
      "Repository": "CRAN",
      "Hash": "34268e0562d09ecb3c8d391bf435aba7"
    },
    "testthat": {
      "Package": "testthat",
      "Version": "2.3.2",
      "Source": "Repository",
      "Repository": "CRAN",
      "Hash": "ba91292dc6d4d91f24d6bde8ef12ed56"
    },
    "tibble": {
      "Package": "tibble",
      "Version": "2.1.3",
      "Source": "Repository",
      "Repository": "CRAN",
      "Hash": "a8d41bd284e21ab7e776d228dc5bac91"
    },
    "tidyr": {
      "Package": "tidyr",
      "Version": "1.0.0",
      "Source": "Repository",
      "Repository": "CRAN",
      "Hash": "8b597bb9db2885612b6bafbc2f83bd08"
    },
    "tidyselect": {
      "Package": "tidyselect",
      "Version": "0.2.5",
      "Source": "Repository",
      "Repository": "CRAN",
      "Hash": "dc3fcbc21f04b293e0794e24982cf357"
    },
    "tidytree": {
      "Package": "tidytree",
      "Version": "0.2.9",
      "Source": "Repository",
      "Repository": "CRAN",
      "Hash": "383121d6e14b017dbe7822ec1b0498bf"
    },
    "tidyverse": {
      "Package": "tidyverse",
      "Version": "1.3.0",
      "Source": "Repository",
      "Repository": "CRAN",
      "Hash": "5c648a6c9657d358e237ed607d4442d0"
    },
    "tinytex": {
      "Package": "tinytex",
      "Version": "0.17",
      "Source": "Repository",
      "Repository": "CRAN",
      "Hash": "077c604ce8fd8096a8a47eea31faab8e"
    },
    "treeio": {
      "Package": "treeio",
      "Version": "1.10.0",
      "Source": "Bioconductor",
      "Hash": "0ffaf285b55277c447af6b1140e94689"
    },
    "triebeard": {
      "Package": "triebeard",
      "Version": "0.3.0",
      "Source": "Repository",
      "Repository": "CRAN",
      "Hash": "51b180ff55459cac3e8480bf843008ad"
    },
    "txtq": {
      "Package": "txtq",
      "Version": "0.2.0",
      "Source": "Repository",
      "Repository": "CRAN",
      "Hash": "54b89beafbcc28084da55e8724ade2ef"
    },
    "urltools": {
      "Package": "urltools",
      "Version": "1.7.3",
      "Source": "Repository",
      "Repository": "CRAN",
      "Hash": "f2615bf96d245f3bd4a28f2ec92be023"
    },
    "utf8": {
      "Package": "utf8",
      "Version": "1.1.4",
      "Source": "Repository",
      "Repository": "CRAN",
      "Hash": "3f1a5a5b184f63379f8e6c08d5036c53"
    },
    "vctrs": {
      "Package": "vctrs",
      "Version": "0.2.0",
      "Source": "Repository",
      "Repository": "CRAN",
      "Hash": "4bdc6a6c4c5a434d880b73817d4ea641"
    },
    "viridisLite": {
      "Package": "viridisLite",
      "Version": "0.3.0",
      "Source": "Repository",
      "Repository": "CRAN",
      "Hash": "1f264fa42320c4f44b1689d89101e823"
    },
    "webshot": {
      "Package": "webshot",
      "Version": "0.5.1",
      "Source": "Repository",
      "Repository": "CRAN",
      "Hash": "751636e977781ba79331a00d96bfd7bd"
    },
    "whisker": {
      "Package": "whisker",
      "Version": "0.4",
      "Source": "Repository",
      "Repository": "CRAN",
      "Hash": "99cb522b4fa9e2cf1592ac5163fd917f"
    },
    "wikitaxa": {
      "Package": "wikitaxa",
      "Version": "0.3.0",
      "Source": "Repository",
      "Repository": "CRAN",
      "Hash": "ec092ea225f47ea8a5877da1e0ba87d7"
    },
    "withr": {
      "Package": "withr",
      "Version": "2.1.2",
      "Source": "Repository",
      "Repository": "CRAN",
      "Hash": "7c9aef08038f47e6c1532ed574a0e087"
    },
    "worrms": {
      "Package": "worrms",
      "Version": "0.4.0",
      "Source": "Repository",
      "Repository": "CRAN",
      "Hash": "85ae8bfb2a22f729d079e67ab67ba3bd"
    },
    "writexl": {
      "Package": "writexl",
      "Version": "1.1",
      "Source": "Repository",
      "Repository": "CRAN",
      "Hash": "b310cdec9c732bf5265155e0c896f0e1"
    },
    "xfun": {
      "Package": "xfun",
      "Version": "0.10",
      "Source": "Repository",
      "Repository": "CRAN",
      "Hash": "b22f06440a75a69aa0c6c04cf5278d83"
    },
    "xml2": {
      "Package": "xml2",
      "Version": "1.2.2",
      "Source": "Repository",
      "Repository": "CRAN",
      "Hash": "22fa8b694a7ffcec094bfb94a405595d"
    },
    "yaml": {
      "Package": "yaml",
      "Version": "2.2.0",
      "Source": "Repository",
      "Repository": "CRAN",
      "Hash": "3a313c96061c4ac790de611dc57ebd1f"
    },
    "zeallot": {
      "Package": "zeallot",
      "Version": "0.1.0",
      "Source": "Repository",
      "Repository": "CRAN",
      "Hash": "45d65588b02d47970fc84adecb2ee664"
    },
    "zoo": {
      "Package": "zoo",
      "Version": "1.8-6",
      "Source": "Repository",
      "Repository": "CRAN",
      "Hash": "6a408ac88994695f76d7b4f7f19c4006"
    }
  }
}
