{
  "renv": {
    "Version": "0.7.0-22"
  },
  "R": {
    "Version": "3.6.1",
    "Repositories": [
      {
        "Name": "BioCsoft",
        "URL": "https://bioconductor.org/packages/3.10/bioc"
      },
      {
        "Name": "BioCann",
        "URL": "https://bioconductor.org/packages/3.10/data/annotation"
      },
      {
        "Name": "BioCexp",
        "URL": "https://bioconductor.org/packages/3.10/data/experiment"
      },
      {
        "Name": "BioCworkflows",
        "URL": "https://bioconductor.org/packages/3.10/workflows"
      },
      {
        "Name": "CRAN",
        "URL": "https://cran.rstudio.com/"
      }
    ]
  },
  "Bioconductor": {
    "Repositories": [
      {
        "Name": "BioCsoft",
        "URL": "https://bioconductor.org/packages/3.10/bioc"
      },
      {
        "Name": "BioCann",
        "URL": "https://bioconductor.org/packages/3.10/data/annotation"
      },
      {
        "Name": "BioCexp",
        "URL": "https://bioconductor.org/packages/3.10/data/experiment"
      },
      {
        "Name": "BioCworkflows",
        "URL": "https://bioconductor.org/packages/3.10/workflows"
      },
      {
        "Name": "CRAN",
        "URL": "https://cran.rstudio.com/"
      }
    ]
  },
  "Packages": {
    "BH": {
      "Package": "BH",
      "Version": "1.69.0-1",
      "Source": "CRAN",
      "Hash": "0fde015f5153e51df44981da0767f522"
    },
    "BiocManager": {
      "Package": "BiocManager",
      "Version": "1.30.4",
      "Source": "CRAN",
      "Hash": "0c1bdd16365abbcb1751ee93616f8063"
    },
    "DBI": {
      "Package": "DBI",
      "Version": "1.0.0",
      "Source": "CRAN",
      "Hash": "2b2b6ea2111e1e57e192765d5013a3c5"
    },
    "DT": {
      "Package": "DT",
      "Version": "0.9",
      "Source": "CRAN",
      "Hash": "3713a75ea5f5bbc25579b20cbb7843f3"
    },
    "KernSmooth": {
      "Package": "KernSmooth",
      "Version": "2.23-15",
      "Source": "CRAN",
      "Hash": "1abaf80e4ce51c982446637b6cf236bb"
    },
    "Lahman": {
      "Package": "Lahman",
      "Version": "7.0-1",
      "Source": "CRAN",
      "Hash": "4755b9406b29a18574bd268dc3fc7460"
    },
    "MASS": {
      "Package": "MASS",
      "Version": "7.3-51.4",
      "Source": "CRAN",
      "Hash": "a489ad42493fa9bfac8f3e3a3bc7d4ca"
    },
    "Matrix": {
      "Package": "Matrix",
      "Version": "1.2-17",
      "Source": "CRAN",
      "Hash": "a60009c832f495604f54399f21d89cc8"
    },
    "PKI": {
      "Package": "PKI",
      "Version": "0.1-5.1",
      "Source": "CRAN",
      "Hash": "d4f4ee2943928af9a5b9543e87626cd8"
    },
    "R6": {
      "Package": "R6",
      "Version": "2.4.0",
      "Source": "CRAN",
      "Hash": "92b50d943a7c76c67918c1e1beb68627"
    },
    "RColorBrewer": {
      "Package": "RColorBrewer",
      "Version": "1.1-2",
      "Source": "CRAN",
      "Hash": "f8a3bcc800d613797f1dfdf8ef4f0bfc"
    },
    "RMySQL": {
      "Package": "RMySQL",
      "Version": "0.10.17",
      "Source": "CRAN",
      "Hash": "2bc693c9fa860365c709211ea74ef002"
    },
    "RPostgreSQL": {
      "Package": "RPostgreSQL",
      "Version": "0.6-2",
      "Source": "CRAN",
      "Hash": "8c97787c6afc7ba0062547a0f7777592"
    },
    "RSQLite": {
      "Package": "RSQLite",
      "Version": "2.1.2",
      "Source": "CRAN",
      "Hash": "fae18a167fe102db0947605844a54888"
    },
    "Rcpp": {
      "Package": "Rcpp",
      "Version": "1.0.2",
      "Source": "CRAN",
      "Hash": "c25fa7d5684fa7001ddfea3755243975"
    },
    "XML": {
      "Package": "XML",
      "Version": "3.98-1.20",
      "Source": "CRAN",
      "Hash": "870a12f824e6d7729de5cf55927ae1d0"
    },
    "ade4": {
      "Package": "ade4",
      "Version": "1.7-13",
      "Source": "CRAN",
      "Hash": "fb38e6013abe24920f24137b34e38eb5"
    },
    "ape": {
      "Package": "ape",
      "Version": "5.3",
      "Source": "CRAN",
      "Hash": "d630561004aee62320468baf943a6d14"
    },
    "askpass": {
      "Package": "askpass",
      "Version": "1.1",
      "Source": "CRAN",
      "Hash": "46678e19f261db289be40292d8e5d5bf"
    },
    "assertr": {
      "Package": "assertr",
      "Version": "2.6",
      "Source": "CRAN",
      "Hash": "4230c5a025bced183dbb83693879061d"
    },
    "assertthat": {
      "Package": "assertthat",
      "Version": "0.2.1",
      "Source": "CRAN",
      "Hash": "19fb3d0ad048b4eb1a05cacffbae1f66"
    },
    "backports": {
      "Package": "backports",
      "Version": "1.1.4",
      "Source": "CRAN",
      "Hash": "2a78bf0825e0088e117520553ceb7fa5"
    },
    "base64enc": {
      "Package": "base64enc",
      "Version": "0.1-3",
      "Source": "CRAN",
      "Hash": "d355963b4b1c3039bfe8d65611a11cca"
    },
    "base64url": {
      "Package": "base64url",
      "Version": "1.4",
      "Source": "CRAN",
      "Hash": "205ca9cc59dc1fff1a7ba55fee9dad57"
    },
    "bib2df": {
      "Package": "bib2df",
      "Version": "1.1.1",
      "Source": "CRAN",
      "Hash": "1929fabfa475d2b5e2ec37d5e47c918f"
    },
    "bit": {
      "Package": "bit",
      "Version": "1.1-14",
      "Source": "CRAN",
      "Hash": "915a13dd2f8633d92971640ed1498e5b"
    },
    "bit64": {
      "Package": "bit64",
      "Version": "0.9-7",
      "Source": "CRAN",
      "Hash": "805d4ae996fa46f4f8436500959d669b"
    },
    "bitops": {
      "Package": "bitops",
      "Version": "1.0-6",
      "Source": "CRAN",
      "Hash": "62408262624d9f8e436f51ca901424e2"
    },
    "blob": {
      "Package": "blob",
      "Version": "1.2.0",
      "Source": "CRAN",
      "Hash": "9ef42c7a122fb0bc78563a7d1da7ba4e"
    },
    "bookdown": {
      "Package": "bookdown",
      "Version": "0.13",
      "Source": "CRAN",
      "Hash": "2ac6b83fbe5c15bbdd3113bb9402c277"
    },
    "boot": {
      "Package": "boot",
      "Version": "1.3-22",
      "Source": "CRAN",
      "Hash": "d6793731045601ba6fbc24f5b9f537ae"
    },
    "brew": {
      "Package": "brew",
      "Version": "1.0-6",
      "Source": "CRAN",
      "Hash": "190fd31e9253446523a8ee4642229516"
    },
    "broom": {
      "Package": "broom",
      "Version": "0.5.2",
      "Source": "CRAN",
      "Hash": "a6cfb50e5172a20815db00739aab4e78"
    },
    "caTools": {
      "Package": "caTools",
      "Version": "1.17.1.2",
      "Source": "CRAN",
      "Hash": "54626244d6196ab491e26d5b9590dff6"
    },
    "callr": {
      "Package": "callr",
      "Version": "3.3.1",
      "Source": "CRAN",
      "Hash": "b9788f81c78e3187d199c4057872fe06"
    },
    "cellranger": {
      "Package": "cellranger",
      "Version": "1.1.0",
      "Source": "CRAN",
      "Hash": "2cd2a065192f3ba08a919d8800dba7e0"
    },
    "checkmate": {
      "Package": "checkmate",
      "Version": "1.9.4",
      "Source": "CRAN",
      "Hash": "51788d50ba2a6ac3bf71efadaf1f76d9"
    },
    "class": {
      "Package": "class",
      "Version": "7.3-15",
      "Source": "CRAN",
      "Hash": "4878ea322bdd292b96affa71fd4332bd"
    },
    "cli": {
      "Package": "cli",
      "Version": "1.1.0",
      "Source": "CRAN",
      "Hash": "9b3dc7798f53ba3050b41ce4a3febdc5"
    },
    "clipr": {
      "Package": "clipr",
      "Version": "0.7.0",
      "Source": "CRAN",
      "Hash": "9a99b54d2baf9393d0a68b6ea9513ee6"
    },
    "clisymbols": {
      "Package": "clisymbols",
      "Version": "1.2.0",
      "Source": "CRAN",
      "Hash": "ce91c46caba29e30c44cfd87659bf8a4"
    },
    "cluster": {
      "Package": "cluster",
      "Version": "2.1.0",
      "Source": "CRAN",
      "Hash": "d683a0521c6448259522eb63627c3807"
    },
    "codetools": {
      "Package": "codetools",
      "Version": "0.2-16",
      "Source": "CRAN",
      "Hash": "3bf2a0853d7faf7f865d0b877946e452"
    },
    "colorspace": {
      "Package": "colorspace",
      "Version": "1.4-1",
      "Source": "CRAN",
      "Hash": "c25d49739abb6ebf4b3d0c3565574226"
    },
    "commonmark": {
      "Package": "commonmark",
      "Version": "1.7",
      "Source": "CRAN",
      "Hash": "af7f698e0328e0474f794452177deca6"
    },
    "conflicted": {
      "Package": "conflicted",
      "Version": "1.0.4",
      "Source": "CRAN",
      "Hash": "4d85496bf78919616ac1bb981032b625"
    },
    "covr": {
      "Package": "covr",
      "Version": "3.3.1",
      "Source": "CRAN",
      "Hash": "885360370767478f19b92ee900b1f8f6"
    },
    "crayon": {
      "Package": "crayon",
      "Version": "1.3.4",
      "Source": "CRAN",
      "Hash": "d308ead32010b8e4d76c4690427da50b"
    },
    "crosstalk": {
      "Package": "crosstalk",
      "Version": "1.0.0",
      "Source": "CRAN",
      "Hash": "2bc962d85f29df259cc1a6930727ce87"
    },
    "curl": {
      "Package": "curl",
      "Version": "4.0",
      "Source": "CRAN",
      "Hash": "7dc1d02a04a75510424d2c7404fadfa7"
    },
    "cyclocomp": {
      "Package": "cyclocomp",
      "Version": "1.1.0",
      "Source": "CRAN",
      "Hash": "66c27586ae3622762fd7c5abf1903f71"
    },
    "data.table": {
      "Package": "data.table",
      "Version": "1.12.2",
      "Source": "CRAN",
      "Hash": "f2f76b5c5394350c4d4ee77dab51d35c"
    },
    "dbplyr": {
      "Package": "dbplyr",
      "Version": "1.4.2",
      "Source": "CRAN",
      "Hash": "aa3740879c38e6c11a93bd981521035a"
    },
    "desc": {
      "Package": "desc",
      "Version": "1.2.0",
      "Source": "CRAN",
      "Hash": "0119aa659b9c1db195b4bd7c617d18c0"
    },
    "devtools": {
      "Package": "devtools",
      "Version": "2.1.0",
      "Source": "CRAN",
      "Hash": "30e711b77a5bfa480161015ead405a0d"
    },
    "digest": {
      "Package": "digest",
      "Version": "0.6.20",
      "Source": "CRAN",
      "Hash": "e90f6670040b5aec92425051fc13ac1c"
    },
    "docopt": {
      "Package": "docopt",
      "Version": "0.6.1",
      "Source": "CRAN",
      "Hash": "63d6ce1faad3cc83dfb59a4f918f0b72"
    },
    "dplyr": {
      "Package": "dplyr",
      "Version": "0.8.3",
      "Source": "CRAN",
      "Hash": "17783831e1e918ab250dcae5dd9c6e03"
    },
    "drake": {
      "Package": "drake",
      "Version": "7.6.1",
      "Source": "CRAN",
      "Hash": "5ac3410e663330ab969ad0631d9245a9"
    },
    "dtplyr": {
      "Package": "dtplyr",
      "Version": "0.0.3",
      "Source": "CRAN",
      "Hash": "0415bdea9469950e9f5bfcd0ffe93247"
    },
    "ellipsis": {
      "Package": "ellipsis",
      "Version": "0.2.0.1",
      "Source": "CRAN",
      "Hash": "a7a9b2ae023bf012744c480d3388c0c8"
    },
    "evaluate": {
      "Package": "evaluate",
      "Version": "0.14",
      "Source": "CRAN",
      "Hash": "5a6c1949963e0785dbcbb0556337d61e"
    },
    "fansi": {
      "Package": "fansi",
      "Version": "0.4.0",
      "Source": "CRAN",
      "Hash": "cd87b0162287f0da225edfaa2fd3a20c"
    },
    "fastmap": {
      "Package": "fastmap",
      "Version": "1.0.1",
      "Source": "CRAN",
      "Hash": "7a0d4ec0aa0299e3907f8f4f982e33b4"
    },
    "fastmatch": {
      "Package": "fastmatch",
      "Version": "1.1-0",
      "Source": "CRAN",
      "Hash": "b3b208a19a4467665c6f8c51dc63c76c"
    },
    "feather": {
      "Package": "feather",
      "Version": "0.3.3",
      "Source": "CRAN",
      "Hash": "33df40b9417ea77af76973bb2ea92164"
    },
    "filelock": {
      "Package": "filelock",
      "Version": "1.0.2",
      "Source": "CRAN",
      "Hash": "784db550445dfa0f28cacd1e07fed4c8"
    },
    "foghorn": {
      "Package": "foghorn",
      "Version": "1.1.0",
      "Source": "CRAN",
      "Hash": "afb2d60f6f4adde162800c27a62d961d"
    },
    "forcats": {
      "Package": "forcats",
      "Version": "0.4.0",
      "Source": "CRAN",
      "Hash": "4d7e4a2ed5adadda6714eb7b9361213b"
    },
    "foreign": {
      "Package": "foreign",
      "Version": "0.8-71",
      "Source": "CRAN",
      "Hash": "0a3e9cb4f946d20e3ce0eae1ae17c746"
    },
    "formatR": {
      "Package": "formatR",
      "Version": "1.7",
      "Source": "CRAN",
      "Hash": "354c9ec18f1af190edb192828a09d071"
    },
    "fs": {
      "Package": "fs",
      "Version": "1.3.1",
      "Source": "CRAN",
      "Hash": "dba7e43c4103d978cb7c95b97987cc68"
    },
    "gargle": {
      "Package": "gargle",
      "Version": "0.3.1",
      "Source": "CRAN",
      "Hash": "807701061d82db1187f4a858f548592b"
    },
    "generics": {
      "Package": "generics",
      "Version": "0.0.2",
      "Source": "CRAN",
      "Hash": "4e8e453aff36dd8ddac10ff157083e4f"
    },
    "ggplot2": {
      "Package": "ggplot2",
      "Version": "3.2.1",
      "Source": "CRAN",
      "Hash": "635db021d29f3523c4f88e82d0c01c5e"
    },
    "ggrepel": {
      "Package": "ggrepel",
      "Version": "0.8.1",
      "Source": "CRAN",
      "Hash": "61257084e976294d3c97de988469d019"
    },
    "ggridges": {
      "Package": "ggridges",
      "Version": "0.5.1",
      "Source": "CRAN",
      "Hash": "b464e7b51e82292003ad0691a79f1ef8"
    },
    "gh": {
      "Package": "gh",
      "Version": "1.0.1",
      "Source": "CRAN",
      "Hash": "3fc5d4d6893bd1598318a35def5e9d23"
    },
    "git2r": {
      "Package": "git2r",
      "Version": "0.26.1",
      "Source": "CRAN",
      "Hash": "22ea14e8f582d4a83a273f24ac43e27e"
    },
    "glue": {
      "Package": "glue",
      "Version": "1.3.1",
      "Source": "CRAN",
      "Hash": "e8436e647719b7c9d01409767cd88cc8"
    },
    "gmailr": {
      "Package": "gmailr",
      "Version": "1.0.0",
      "Source": "CRAN",
      "Hash": "3396a0a71119da4707f8648d3707e3c8"
    },
    "gt": {
      "Package": "gt",
      "Version": "0.1.0",
      "Source": "GitHub",
      "RemoteType": "github",
      "Remotes": "rstudio/sass",
      "RemoteHost": "api.github.com",
      "RemoteRepo": "gt",
      "RemoteUsername": "rstudio",
      "RemoteRef": "master",
      "RemoteSha": "f67bf7f2f7fc4e241f0e148377cf0340c159c137",
      "Hash": "5df885c6f5a9f75addbeac90254a3dd8"
    },
    "gtable": {
      "Package": "gtable",
      "Version": "0.3.0",
      "Source": "CRAN",
      "Hash": "6a58b2980a57345822ec5f9c7d2d1751"
    },
    "haven": {
      "Package": "haven",
      "Version": "2.1.1",
      "Source": "CRAN",
      "Hash": "d1f21b8ced82ba581c26edfcc69d0c41"
    },
    "here": {
      "Package": "here",
      "Version": "0.1",
      "Source": "CRAN",
      "Hash": "17102304d55b3242d6199cddc0fd79f7"
    },
    "highlight": {
      "Package": "highlight",
      "Version": "0.4.7.2",
      "Source": "CRAN",
      "Hash": "f10a7317affc76cf87d22a11c8196b6d"
    },
    "highr": {
      "Package": "highr",
      "Version": "0.8",
      "Source": "CRAN",
      "Hash": "43e36bc8bca1d8256f86933659c46349"
    },
    "hms": {
      "Package": "hms",
      "Version": "0.5.1",
      "Source": "CRAN",
      "Hash": "5c9cbb0d6f49109be1a771d963801847"
    },
    "htmltools": {
      "Package": "htmltools",
      "Version": "0.3.6",
      "Source": "CRAN",
      "Hash": "5132526e7fb28a2c20d1ef443d5c4644"
    },
    "htmlwidgets": {
      "Package": "htmlwidgets",
      "Version": "1.3",
      "Source": "CRAN",
      "Hash": "8aa0ed21f14fc9645367e8bc305415f5"
    },
    "httpuv": {
      "Package": "httpuv",
      "Version": "1.5.1",
      "Source": "CRAN",
      "Hash": "3e4206eb62d89401a2a990eba9b3ecac"
    },
    "httr": {
      "Package": "httr",
      "Version": "1.4.1",
      "Source": "CRAN",
      "Hash": "5dbd937df2ed15043fd4b49e1e217030"
    },
    "humaniformat": {
      "Package": "humaniformat",
      "Version": "0.6.0",
      "Source": "CRAN",
      "Hash": "83d1e2a0850835cffe88817f1d3986a2"
    },
    "hunspell": {
      "Package": "hunspell",
      "Version": "3.0",
      "Source": "CRAN",
      "Hash": "4ff88843e730bf68cfac63479fc63ec3"
    },
    "iNEXT": {
      "Package": "iNEXT",
      "Version": "2.0.19",
      "Source": "CRAN",
      "Hash": "b45d366f4113717dc3c8061d79f6a10b"
    },
    "igraph": {
      "Package": "igraph",
      "Version": "1.2.4.1",
      "Source": "CRAN",
      "Hash": "6eb7a604bc33c66dac0611b7ce75ac69"
    },
    "ini": {
      "Package": "ini",
      "Version": "0.3.1",
      "Source": "CRAN",
      "Hash": "4a15d8cfc931554fb2e71d66c1313b45"
    },
    "ips": {
      "Package": "ips",
      "Version": "0.0.11",
      "Source": "CRAN",
      "Hash": "eeedf954ec443690f620eb9a9132a784"
    },
    "janitor": {
      "Package": "janitor",
      "Version": "1.2.0",
      "Source": "CRAN",
      "Hash": "e1310d9b920ef337ec2ecd8d73b21f0d"
    },
    "jntools": {
      "Package": "jntools",
      "Version": "0.1.0",
      "Source": "GitHub",
      "RemoteType": "github",
      "RemoteHost": "api.github.com",
      "RemoteRepo": "jntools",
      "RemoteUsername": "joelnitta",
      "RemoteRef": "master",
      "RemoteSha": "a74587585e78a17a592e63c1d3762b9c24673ee5",
      "Hash": "8ca33b66d1c9e0db43f88cee5ec5beec"
    },
    "jsonlite": {
      "Package": "jsonlite",
      "Version": "1.6",
      "Source": "CRAN",
      "Hash": "b7e67b6a7bc2fdae729c0f3ff9026a8a"
    },
    "kableExtra": {
      "Package": "kableExtra",
      "Version": "1.1.0",
      "Source": "CRAN",
      "Hash": "95d5038a266d5563fab1603daf3959a6"
    },
    "knitr": {
      "Package": "knitr",
      "Version": "1.24",
      "Source": "CRAN",
      "Hash": "4d5213d0ec43d3ef3415177faa434602"
    },
    "labeling": {
      "Package": "labeling",
      "Version": "0.3",
      "Source": "CRAN",
      "Hash": "e1f613894f080d1eee41c34b281a2184"
    },
    "later": {
      "Package": "later",
      "Version": "0.8.0",
      "Source": "CRAN",
      "Hash": "4d5b806a328e0da75f0f0d4653676552"
    },
    "lattice": {
      "Package": "lattice",
      "Version": "0.20-38",
      "Source": "CRAN",
      "Hash": "6f7aa123115b33bc9ad1ca800874b1de"
    },
    "lazyeval": {
      "Package": "lazyeval",
      "Version": "0.2.2",
      "Source": "CRAN",
      "Hash": "d2f5e98b8b7ae633e252830c3243c2ab"
    },
    "lifecycle": {
      "Package": "lifecycle",
      "Version": "0.1.0",
      "Source": "CRAN",
      "Hash": "670a552ae202a4f69e2e644f524dfffd"
    },
    "lintr": {
      "Package": "lintr",
      "Version": "1.0.3",
      "Source": "CRAN",
      "Hash": "2775f4b659ae90dbc70358c77db0a1bf"
    },
    "littler": {
      "Package": "littler",
      "Version": "0.3.8",
      "Source": "CRAN",
      "Hash": "e7fce958dfbe043f6f8b670b68722ff9"
    },
    "lubridate": {
      "Package": "lubridate",
      "Version": "1.7.4",
      "Source": "CRAN",
      "Hash": "d55fdb3732a8f047e49b86064dd78984"
    },
    "magrittr": {
      "Package": "magrittr",
      "Version": "1.5",
      "Source": "CRAN",
      "Hash": "dee1d97cffddfd3ed969e224bd0826d0"
    },
    "markdown": {
      "Package": "markdown",
      "Version": "1.1",
      "Source": "CRAN",
      "Hash": "80e1f73841614fa35f82a85d66fb41da"
    },
    "memoise": {
      "Package": "memoise",
      "Version": "1.1.0",
      "Source": "CRAN",
      "Hash": "22ca9b285c10f5dd8c4d1e90231ce558"
    },
    "mgcv": {
      "Package": "mgcv",
      "Version": "1.8-28",
      "Source": "CRAN",
      "Hash": "6ac256e4fdcf33c11f9ed987927cc614"
    },
    "microbenchmark": {
      "Package": "microbenchmark",
      "Version": "1.4-6",
      "Source": "CRAN",
      "Hash": "a36d464aa1e1e02feeba67f2728e9cac"
    },
    "mime": {
      "Package": "mime",
      "Version": "0.7",
      "Source": "CRAN",
      "Hash": "908d95ccbfd1dd274073ef07a7c93934"
    },
    "miniUI": {
      "Package": "miniUI",
      "Version": "0.1.1.1",
      "Source": "CRAN",
      "Hash": "53236ac4d8dcc50446bbb83c45e024cd"
    },
    "mockery": {
      "Package": "mockery",
      "Version": "0.4.1.1",
      "Source": "CRAN",
      "Hash": "2b9abb8a3f02f9d0fce12d44e08be772"
    },
    "modelr": {
      "Package": "modelr",
      "Version": "0.1.5",
      "Source": "CRAN",
      "Hash": "c1f44481db2b8ac0d3625da400abdc1e"
    },
    "munsell": {
      "Package": "munsell",
      "Version": "0.5.0",
      "Source": "CRAN",
      "Hash": "9111af6c6dec65538ebd3de6c0bae864"
    },
    "nlme": {
      "Package": "nlme",
      "Version": "3.1-140",
      "Source": "CRAN",
      "Hash": "ad3b02c6f154deac3584133e6e015cd3"
    },
    "nnet": {
      "Package": "nnet",
      "Version": "7.3-12",
      "Source": "CRAN",
      "Hash": "2a92e339b2aeab90147147e2cf7c8310"
    },
    "nycflights13": {
      "Package": "nycflights13",
      "Version": "1.0.0",
      "Source": "CRAN",
      "Hash": "e71ffdfbcbe4441b4b704b1a3facc4c4"
    },
    "openssl": {
      "Package": "openssl",
      "Version": "1.4.1",
      "Source": "CRAN",
      "Hash": "6c438de366d5693238d1c400deb66cb6"
    },
    "packrat": {
      "Package": "packrat",
      "Version": "0.5.0",
      "Source": "CRAN",
      "Hash": "aa1fbebb6ca276f933b9f77da6d02ef3"
    },
    "parsedate": {
      "Package": "parsedate",
      "Version": "1.2.0",
      "Source": "CRAN",
      "Hash": "3a6c443fe170f89a8fe05055e71300a7"
    },
    "patchwork": {
      "Package": "patchwork",
      "Version": "0.0.1",
      "Source": "GitHub",
      "RemoteType": "github",
      "RemoteHost": "api.github.com",
      "RemoteRepo": "patchwork",
      "RemoteUsername": "thomasp85",
      "RemoteRef": "master",
      "RemoteSha": "fd7958bae3e7a1e30237c751952e412a0a1d1242",
      "Hash": "3bb0c960d9fda08b785576d857832649"
    },
    "phangorn": {
      "Package": "phangorn",
      "Version": "2.5.5",
      "Source": "CRAN",
      "Hash": "0ae038540dc2cc1c55978f73f18694f3"
    },
    "pillar": {
      "Package": "pillar",
      "Version": "1.4.2",
      "Source": "CRAN",
      "Hash": "57645ff795277554eee14df5bcee8025"
    },
    "pingr": {
      "Package": "pingr",
      "Version": "1.1.2",
      "Source": "CRAN",
      "Hash": "eaa550507cb76493987fc447771abe4e"
    },
    "pkgbuild": {
      "Package": "pkgbuild",
      "Version": "1.0.5",
      "Source": "CRAN",
      "Hash": "00ec4a14a879c7fda96b2228cff1c5cc"
    },
    "pkgconfig": {
      "Package": "pkgconfig",
      "Version": "2.0.2",
      "Source": "CRAN",
      "Hash": "2dd2d8867e4f0173ea2ce029d630a086"
    },
    "pkgdown": {
      "Package": "pkgdown",
      "Version": "1.3.0",
      "Source": "CRAN",
      "Hash": "66e2606c50a45a7d2b56746b6fdde887"
    },
    "pkgload": {
      "Package": "pkgload",
      "Version": "1.0.2",
      "Source": "CRAN",
      "Hash": "f214a72af3442fdd3396ceccbb7d7f44"
    },
    "plogr": {
      "Package": "plogr",
      "Version": "0.2.0",
      "Source": "CRAN",
      "Hash": "1a8304cc1382ef64e3b710ba589d7bc0"
    },
    "plyr": {
      "Package": "plyr",
      "Version": "1.8.4",
      "Source": "CRAN",
      "Hash": "37dd0f3aadee2ac99e47168f4bffddb7"
    },
    "praise": {
      "Package": "praise",
      "Version": "1.0.0",
      "Source": "CRAN",
      "Hash": "3940f2f321d5fa9fb72b8887b0454660"
    },
    "prettyunits": {
      "Package": "prettyunits",
      "Version": "1.0.2",
      "Source": "CRAN",
      "Hash": "33ce93b23647e85c127f8e1bb08604fc"
    },
    "processx": {
      "Package": "processx",
      "Version": "3.4.1",
      "Source": "CRAN",
      "Hash": "fec9b1a798e49d0609702929706a1dfc"
    },
    "progress": {
      "Package": "progress",
      "Version": "1.2.2",
      "Source": "CRAN",
      "Hash": "e8c47e04650b07d40c3c50a878a4dffa"
    },
    "promises": {
      "Package": "promises",
      "Version": "1.0.1",
      "Source": "CRAN",
      "Hash": "f80d162b7cef7e36a0134d1f1084e36d"
    },
    "ps": {
      "Package": "ps",
      "Version": "1.3.0",
      "Source": "CRAN",
      "Hash": "a38f3fd447d1595a3da538910054b911"
    },
    "purrr": {
      "Package": "purrr",
      "Version": "0.3.2",
      "Source": "CRAN",
      "Hash": "c360ab7eabd6e38a83f2475eb97c6344"
    },
    "quadprog": {
      "Package": "quadprog",
      "Version": "1.5-7",
      "Source": "CRAN",
      "Hash": "6f8440b84b06210c8f88b8d8cd89f8ca"
    },
    "rJava": {
      "Package": "rJava",
      "Version": "0.9-11",
      "Source": "CRAN",
      "Hash": "4b95199d95a7ca8f00e2efdc3b5f2726"
    },
    "rappdirs": {
      "Package": "rappdirs",
      "Version": "0.3.1",
      "Source": "CRAN",
      "Hash": "5bc532ab747c4d7c8b753ca9b7faee8d"
    },
    "raster": {
      "Package": "raster",
      "Version": "3.0-2",
      "Source": "CRAN",
      "Hash": "d5b06cb254bf33f72bd966c54ae3237a"
    },
    "rcmdcheck": {
      "Package": "rcmdcheck",
      "Version": "1.3.3",
      "Source": "CRAN",
      "Hash": "577b91be8aea851ea27aad3585adef05"
    },
    "readr": {
      "Package": "readr",
      "Version": "1.3.1",
      "Source": "CRAN",
      "Hash": "60167b7ec3de99e76ff406aaf0f83bb4"
    },
    "readxl": {
      "Package": "readxl",
      "Version": "1.3.1",
      "Source": "CRAN",
      "Hash": "8a8b4695e87c90cc9423eb8994e76819"
    },
    "rematch": {
      "Package": "rematch",
      "Version": "1.0.1",
      "Source": "CRAN",
      "Hash": "d3d55a556f7f2e74f449d6a53b8abf8e"
    },
    "rematch2": {
      "Package": "rematch2",
      "Version": "2.1.0",
      "Source": "CRAN",
      "Hash": "0f9d491406a99401fdbfd8e8234cf1aa"
    },
    "remotes": {
      "Package": "remotes",
      "Version": "2.1.0",
      "Source": "CRAN",
      "Hash": "830aa73278dce9beba583bfe57a5c015"
    },
    "renv": {
      "Package": "renv",
      "Version": "0.7.0-22",
      "Source": "GitHub",
      "RemoteType": "github",
      "RemoteHost": "api.github.com",
      "RemoteRepo": "renv",
      "RemoteUsername": "rstudio",
      "RemoteRef": "master",
      "RemoteSha": "d33c0ac0513fb056860f8a1101a6334dfd24b80f",
      "Hash": "7ed300d1d4b5f5afd9700bf1406f341d"
    },
    "reprex": {
      "Package": "reprex",
      "Version": "0.3.0",
      "Source": "CRAN",
      "Hash": "e5c16307a512cdaea9adddacde0671af"
    },
    "reshape2": {
      "Package": "reshape2",
      "Version": "1.4.3",
      "Source": "CRAN",
      "Hash": "ac685130d1a25e3f6470960fd29c5693"
    },
    "rex": {
      "Package": "rex",
      "Version": "1.1.2",
      "Source": "CRAN",
      "Hash": "6a374bfb33486a98af825be15b6b87bb"
    },
    "rhub": {
      "Package": "rhub",
      "Version": "1.1.1",
      "Source": "CRAN",
      "Hash": "b2b0e27c127bbdda469512f8b127a085"
    },
    "rlang": {
      "Package": "rlang",
      "Version": "0.4.0",
      "Source": "CRAN",
      "Hash": "8f1bf3a54c8844dc254baabba61cb6a9"
    },
    "rmarkdown": {
      "Package": "rmarkdown",
      "Version": "1.15",
      "Source": "CRAN",
      "Hash": "7009ca49bab0c053098ae99b595bbacb"
    },
    "rmdshower": {
      "Package": "rmdshower",
      "Version": "2.1.1",
      "Source": "CRAN",
      "Hash": "4e1a1179c8b35736748b673e045cc3b9"
    },
    "roxygen2": {
      "Package": "roxygen2",
      "Version": "6.1.1",
      "Source": "CRAN",
      "Hash": "5c44ac973ec9b56efd7990e4b4464699"
    },
    "rpart": {
      "Package": "rpart",
      "Version": "4.1-15",
      "Source": "CRAN",
      "Hash": "0d0e7f0e3c22944bb9bf67d0d5636e50"
    },
    "rprojroot": {
      "Package": "rprojroot",
      "Version": "1.3-2",
      "Source": "CRAN",
      "Hash": "5382761b8b318da6dd3fb0f6dae3c43a"
    },
    "rsconnect": {
      "Package": "rsconnect",
      "Version": "0.8.15",
      "Source": "CRAN",
      "Hash": "649b33e97eb02dc7f8533a50d888ae29"
    },
    "rstudioapi": {
      "Package": "rstudioapi",
      "Version": "0.10",
      "Source": "CRAN",
      "Hash": "04552808fd065fdf0fec7bad340eb83c"
    },
    "rticles": {
      "Package": "rticles",
      "Version": "0.10",
      "Source": "CRAN",
      "Hash": "879fad273ebf8af0ba4380590fa3e966"
    },
    "rversions": {
      "Package": "rversions",
      "Version": "2.0.0",
      "Source": "CRAN",
      "Hash": "7ea870b707f4ef757127a610c2556e29"
    },
    "rvest": {
      "Package": "rvest",
      "Version": "0.3.4",
      "Source": "CRAN",
      "Hash": "76bb112bc3833454dc701230aa9cb3ed"
    },
    "sass": {
      "Package": "sass",
      "Version": "0.1.2.1",
      "Source": "GitHub",
      "RemoteType": "github",
      "RemoteHost": "api.github.com",
      "RemoteRepo": "sass",
      "RemoteUsername": "rstudio",
      "RemoteRef": "master",
      "RemoteSha": "4f3d4069e28f475a67d42d293bc56a5f7d807c67",
      "Hash": "000c3ae20245da9712380153d5b853d9"
    },
    "scales": {
      "Package": "scales",
      "Version": "1.0.0.9000",
      "Source": "GitHub",
      "RemoteType": "github",
      "RemoteHost": "api.github.com",
      "RemoteRepo": "scales",
      "RemoteUsername": "r-lib",
      "RemoteRef": "master",
      "RemoteSha": "9f3b9f5bfe4ff29d13a5fa202ca3ada607e93abf",
      "Hash": "6bd176ed6f96ff35800c95ea22a1712b"
    },
    "scico": {
      "Package": "scico",
      "Version": "1.1.0",
      "Source": "CRAN",
      "Hash": "39b64f934eeef47a6dfa8e5221f9c302"
    },
    "segmented": {
      "Package": "segmented",
      "Version": "1.0-0",
      "Source": "CRAN",
      "Hash": "5151b7127afa95fb1e2fe86e72aa0047"
    },
    "selectr": {
      "Package": "selectr",
      "Version": "0.4-1",
      "Source": "CRAN",
      "Hash": "40ccee5dc2b97e197648525aefcfd0ba"
    },
    "seqinr": {
      "Package": "seqinr",
      "Version": "3.4-5",
      "Source": "CRAN",
      "Hash": "397cfb449fd9b3ef13bf75bb84188ff1"
    },
    "servr": {
      "Package": "servr",
      "Version": "0.15",
      "Source": "CRAN",
      "Hash": "adcd3bbb5259abaf5d4dd667b5dbd62b"
    },
    "sessioninfo": {
      "Package": "sessioninfo",
      "Version": "1.1.1",
      "Source": "CRAN",
      "Hash": "017efbc7877606b886a2fb3d01c0bbda"
    },
    "shiny": {
      "Package": "shiny",
      "Version": "1.3.2",
      "Source": "CRAN",
      "Hash": "3f96ad878877e005bcf6093c5c7efd9e"
    },
    "snakecase": {
      "Package": "snakecase",
      "Version": "0.11.0",
      "Source": "CRAN",
      "Hash": "5c861a2766fb272f515b7704dcbe08d6"
    },
    "sourcetools": {
      "Package": "sourcetools",
      "Version": "0.1.7",
      "Source": "CRAN",
      "Hash": "fc68fa34b8576eaa5a845a46ad75e214"
    },
    "sp": {
      "Package": "sp",
      "Version": "1.3-1",
      "Source": "CRAN",
      "Hash": "a8e1d618f252db052d85391d528c256f"
    },
    "spatial": {
      "Package": "spatial",
      "Version": "7.3-11",
      "Source": "CRAN",
      "Hash": "0037d3d19ad8a2bf80abb4d7507b746d"
    },
    "spelling": {
      "Package": "spelling",
      "Version": "2.1",
      "Source": "CRAN",
      "Hash": "c5da3aef7fde7422c98c9905394379a2"
    },
    "storr": {
      "Package": "storr",
      "Version": "1.2.1",
      "Source": "CRAN",
      "Hash": "3bd64ff7d32ab39360094aa228a3197b"
    },
    "stringdist": {
      "Package": "stringdist",
      "Version": "0.9.5.2",
      "Source": "CRAN",
      "Hash": "dc2a686167cd7b46b4a3b5616aad5779"
    },
    "stringi": {
      "Package": "stringi",
      "Version": "1.4.3",
      "Source": "CRAN",
      "Hash": "113506f116db9dd5bd1caf46884e0647"
    },
    "stringr": {
      "Package": "stringr",
      "Version": "1.4.0",
      "Source": "CRAN",
      "Hash": "41d6310ad18bd019a203d7adc496a28b"
    },
    "survival": {
      "Package": "survival",
      "Version": "2.44-1.1",
      "Source": "CRAN",
      "Hash": "20bdedb74dc2c866f51e4ec9133480b1"
    },
    "sys": {
      "Package": "sys",
      "Version": "3.3",
      "Source": "CRAN",
      "Hash": "9ecf6bee5958b8977bd1db3131978a71"
    },
    "testit": {
      "Package": "testit",
      "Version": "0.9",
      "Source": "CRAN",
      "Hash": "170a26a5c6f96a66f3f2e0bb8eed4767"
    },
    "testthat": {
      "Package": "testthat",
      "Version": "2.2.1",
      "Source": "CRAN",
      "Hash": "3e86adb988cb96c5b30b01ec56719ac4"
    },
    "tibble": {
      "Package": "tibble",
      "Version": "2.1.3",
      "Source": "CRAN",
      "Hash": "a8d41bd284e21ab7e776d228dc5bac91"
    },
    "tidyr": {
      "Package": "tidyr",
      "Version": "1.0.0",
      "Source": "CRAN",
      "Hash": "8b597bb9db2885612b6bafbc2f83bd08"
    },
    "tidyselect": {
      "Package": "tidyselect",
      "Version": "0.2.5",
      "Source": "CRAN",
      "Hash": "dc3fcbc21f04b293e0794e24982cf357"
    },
    "tidyverse": {
      "Package": "tidyverse",
      "Version": "1.2.1",
      "Source": "CRAN",
      "Hash": "ec414bb606232eb2f242f4e49706a0da"
    },
    "tinytex": {
      "Package": "tinytex",
      "Version": "0.15",
      "Source": "CRAN",
      "Hash": "11c9260eb54db1f55e7573844c2ae8ed"
    },
    "tufte": {
      "Package": "tufte",
      "Version": "0.5",
      "Source": "CRAN",
      "Hash": "e1c7bda77b8fa8bf643040de787d7eb6"
    },
    "txtq": {
      "Package": "txtq",
      "Version": "0.1.5",
      "Source": "CRAN",
      "Hash": "dc333dae167fd4e587ba1cce180d7bdb"
    },
    "usethis": {
      "Package": "usethis",
      "Version": "1.5.1",
      "Source": "CRAN",
      "Hash": "d9554c06c56d30d6361b5b24b8c5b083"
    },
    "utf8": {
      "Package": "utf8",
      "Version": "1.1.4",
      "Source": "CRAN",
      "Hash": "3f1a5a5b184f63379f8e6c08d5036c53"
    },
    "uuid": {
      "Package": "uuid",
      "Version": "0.1-2",
      "Source": "CRAN",
      "Hash": "4a468848f7fb748b54a63a8d2f2da17e"
    },
    "vctrs": {
      "Package": "vctrs",
      "Version": "0.2.0",
      "Source": "CRAN",
      "Hash": "4bdc6a6c4c5a434d880b73817d4ea641"
    },
    "viridisLite": {
      "Package": "viridisLite",
      "Version": "0.3.0",
      "Source": "CRAN",
      "Hash": "1f264fa42320c4f44b1689d89101e823"
    },
    "webshot": {
      "Package": "webshot",
      "Version": "0.5.1",
      "Source": "CRAN",
      "Hash": "751636e977781ba79331a00d96bfd7bd"
    },
    "whisker": {
      "Package": "whisker",
      "Version": "0.4",
      "Source": "CRAN",
      "Hash": "99cb522b4fa9e2cf1592ac5163fd917f"
    },
    "whoami": {
      "Package": "whoami",
      "Version": "1.3.0",
      "Source": "CRAN",
      "Hash": "c025d25de1a83dfdd0160f9c79c2684b"
    },
    "withr": {
      "Package": "withr",
      "Version": "2.1.2",
      "Source": "CRAN",
      "Hash": "7c9aef08038f47e6c1532ed574a0e087"
    },
    "writexl": {
      "Package": "writexl",
      "Version": "1.1",
      "Source": "CRAN",
      "Hash": "b310cdec9c732bf5265155e0c896f0e1"
    },
    "xfun": {
      "Package": "xfun",
      "Version": "0.9",
      "Source": "CRAN",
      "Hash": "f577b2b637a64f3b5662430ccc6fa1b7"
    },
    "xml2": {
      "Package": "xml2",
      "Version": "1.2.2",
      "Source": "CRAN",
      "Hash": "22fa8b694a7ffcec094bfb94a405595d"
    },
    "xmlparsedata": {
      "Package": "xmlparsedata",
      "Version": "1.0.3",
      "Source": "CRAN",
      "Hash": "241feddd658b6c638b6c1b964928ed64"
    },
    "xopen": {
      "Package": "xopen",
      "Version": "1.0.0",
      "Source": "CRAN",
      "Hash": "ec32d86b4bcfa2cfa648dc0e1e46e24d"
    },
    "xtable": {
      "Package": "xtable",
      "Version": "1.8-4",
      "Source": "CRAN",
      "Hash": "48f60fcc0974ce72870076d48038df2d"
    },
    "yaml": {
      "Package": "yaml",
      "Version": "2.2.0",
      "Source": "CRAN",
      "Hash": "3a313c96061c4ac790de611dc57ebd1f"
    },
    "zeallot": {
      "Package": "zeallot",
      "Version": "0.1.0",
      "Source": "CRAN",
      "Hash": "45d65588b02d47970fc84adecb2ee664"
    }
  }
}
